
Microsoft Visual Studio Solution File, Format Version 12.00
# Visual Studio Version 17
VisualStudioVersion = 17.10.34928.147
MinimumVisualStudioVersion = 10.0.40219.1
Project("{FAE04EC0-301F-11D3-BF4B-00C04F79EFBC}") = "BookCatalogManagementApp", "BookCatalogManagementApp.csproj", "{F4CAC298-B8EA-4AF5-B741-587C419DFEDE}"
EndProject
Global
	GlobalSection(SolutionConfigurationPlatforms) = preSolution
		Debug|Any CPU = Debug|Any CPU
		Release|Any CPU = Release|Any CPU
	EndGlobalSection
	GlobalSection(ProjectConfigurationPlatforms) = postSolution
		{F4CAC298-B8EA-4AF5-B741-587C419DFEDE}.Debug|Any CPU.ActiveCfg = Debug|Any CPU
		{F4CAC298-B8EA-4AF5-B741-587C419DFEDE}.Debug|Any CPU.Build.0 = Debug|Any CPU
		{F4CAC298-B8EA-4AF5-B741-587C419DFEDE}.Release|Any CPU.ActiveCfg = Release|Any CPU
		{F4CAC298-B8EA-4AF5-B741-587C419DFEDE}.Release|Any CPU.Build.0 = Release|Any CPU
	EndGlobalSection
	GlobalSection(SolutionProperties) = preSolution
		HideSolutionNode = FALSE
	EndGlobalSection
	GlobalSection(ExtensibilityGlobals) = postSolution
		SolutionGuid = {A29CC9BF-3E41-417B-85B5-D7208E014CAF}
	EndGlobalSection
EndGlobal
